{
  "name": "shamir-module",
  "version": "0.0.1",
  "lockfileVersion": 2,
  "requires": true,
  "packages": {
    "": {
      "name": "shamir-module",
      "version": "0.0.1",
      "license": "ISC",
      "dependencies": {
        "bigint-conversion": "^2.4.1",
        "bigint-crypto-utils": "^3.2.2"
      },
      "devDependencies": {
        "typescript": "^5.0.4"
      }
    },
    "node_modules/@juanelas/base64": {
      "version": "1.1.2",
      "resolved": "https://registry.npmjs.org/@juanelas/base64/-/base64-1.1.2.tgz",
      "integrity": "sha512-mr2pfRQpWap0Uq4tlrCgp3W+Yjx1/Bpq4QJsYeAQUh1mExgyQvXz7xUhmYT2HcLLspuAL5dpnos8P2QhaCSXsQ=="
    },
    "node_modules/bigint-conversion": {
      "version": "2.4.1",
      "resolved": "https://registry.npmjs.org/bigint-conversion/-/bigint-conversion-2.4.1.tgz",
      "integrity": "sha512-/DTRevseMZoqN4KLkN5BryOiom0KbwYajiXG5Vo+ZcEPAO0WBZyZoYyDZSgfeq/v/oegLo9bjdndDBlExvAhBQ==",
      "dependencies": {
        "@juanelas/base64": "^1.1.2"
      }
    },
    "node_modules/bigint-crypto-utils": {
      "version": "3.2.2",
      "resolved": "https://registry.npmjs.org/bigint-crypto-utils/-/bigint-crypto-utils-3.2.2.tgz",
      "integrity": "sha512-U1RbE3aX9ayCUVcIPHuPDPKcK3SFOXf93J1UK/iHlJuQB7bhagPIX06/CLpLEsDThJ7KA4Dhrnzynl+d2weTiw==",
      "engines": {
        "node": ">=14.0.0"
      }
    },
    "node_modules/typescript": {
      "version": "5.0.4",
      "resolved": "https://registry.npmjs.org/typescript/-/typescript-5.0.4.tgz",
      "integrity": "sha512-cW9T5W9xY37cc+jfEnaUvX91foxtHkza3Nw3wkoF4sSlKn0MONdkdEndig/qPBWXNkmplh3NzayQzCiHM4/hqw==",
      "dev": true,
      "bin": {
        "tsc": "bin/tsc",
        "tsserver": "bin/tsserver"
      },
      "engines": {
        "node": ">=12.20"
      }
    }
  },
  "dependencies": {
    "@juanelas/base64": {
      "version": "1.1.2",
      "resolved": "https://registry.npmjs.org/@juanelas/base64/-/base64-1.1.2.tgz",
      "integrity": "sha512-mr2pfRQpWap0Uq4tlrCgp3W+Yjx1/Bpq4QJsYeAQUh1mExgyQvXz7xUhmYT2HcLLspuAL5dpnos8P2QhaCSXsQ=="
    },
    "bigint-conversion": {
      "version": "2.4.1",
      "resolved": "https://registry.npmjs.org/bigint-conversion/-/bigint-conversion-2.4.1.tgz",
      "integrity": "sha512-/DTRevseMZoqN4KLkN5BryOiom0KbwYajiXG5Vo+ZcEPAO0WBZyZoYyDZSgfeq/v/oegLo9bjdndDBlExvAhBQ==",
      "requires": {
        "@juanelas/base64": "^1.1.2"
      }
    },
    "bigint-crypto-utils": {
      "version": "3.2.2",
      "resolved": "https://registry.npmjs.org/bigint-crypto-utils/-/bigint-crypto-utils-3.2.2.tgz",
      "integrity": "sha512-U1RbE3aX9ayCUVcIPHuPDPKcK3SFOXf93J1UK/iHlJuQB7bhagPIX06/CLpLEsDThJ7KA4Dhrnzynl+d2weTiw=="
    },
    "typescript": {
      "version": "5.0.4",
      "resolved": "https://registry.npmjs.org/typescript/-/typescript-5.0.4.tgz",
      "integrity": "sha512-cW9T5W9xY37cc+jfEnaUvX91foxtHkza3Nw3wkoF4sSlKn0MONdkdEndig/qPBWXNkmplh3NzayQzCiHM4/hqw==",
      "dev": true
    }
  }
}
